
Microsoft Visual Studio Solution File, Format Version 12.00
# Visual Studio 14
VisualStudioVersion = 14.0.25420.1
MinimumVisualStudioVersion = 10.0.40219.1
Project("{2150E333-8FDC-42A3-9474-1A3956D46DE8}") = "src", "src", "{BC07D047-D312-4904-A1DD-E26AD6B3EC07}"
EndProject
Project("{2150E333-8FDC-42A3-9474-1A3956D46DE8}") = "Solution Items", "Solution Items", "{74B274E3-2B1F-4951-821F-173180285844}"
	ProjectSection(SolutionItems) = preProject
		global.json = global.json
	EndProjectSection
EndProject
Project("{8BB2217D-0F2D-49D1-97BC-3654ED321F3B}") = "RPChat", "src\RPChat\RPChat.xproj", "{9BE274E6-5698-4F75-83A8-6BB93E388943}"
EndProject
Global
	GlobalSection(SolutionConfigurationPlatforms) = preSolution
		Debug|Any CPU = Debug|Any CPU
		Release|Any CPU = Release|Any CPU
	EndGlobalSection
	GlobalSection(ProjectConfigurationPlatforms) = postSolution
		{9BE274E6-5698-4F75-83A8-6BB93E388943}.Debug|Any CPU.ActiveCfg = Debug|Any CPU
		{9BE274E6-5698-4F75-83A8-6BB93E388943}.Debug|Any CPU.Build.0 = Debug|Any CPU
		{9BE274E6-5698-4F75-83A8-6BB93E388943}.Release|Any CPU.ActiveCfg = Release|Any CPU
		{9BE274E6-5698-4F75-83A8-6BB93E388943}.Release|Any CPU.Build.0 = Release|Any CPU
	EndGlobalSection
	GlobalSection(SolutionProperties) = preSolution
		HideSolutionNode = FALSE
	EndGlobalSection
	GlobalSection(NestedProjects) = preSolution
		{9BE274E6-5698-4F75-83A8-6BB93E388943} = {BC07D047-D312-4904-A1DD-E26AD6B3EC07}
	EndGlobalSection
EndGlobal
